
Microsoft Visual Studio Solution File, Format Version 12.00
# Visual Studio 2013
VisualStudioVersion = 12.0.40629.0
MinimumVisualStudioVersion = 10.0.40219.1
Project("{F184B08F-C81C-45F6-A57F-5ABD9991F28F}") = "NYS_MailService", "NYS_MailService.vbproj", "{143D113C-FDF8-483B-A619-6032E47DE317}"
EndProject
Project("{F184B08F-C81C-45F6-A57F-5ABD9991F28F}") = "NysDat", "..\MevisApp\NysDat\NysDat.vbproj", "{E549FE24-DF7C-4391-8262-145EC6513190}"
EndProject
Project("{F184B08F-C81C-45F6-A57F-5ABD9991F28F}") = "BossData", "..\BossApp\BossData\BossData.vbproj", "{DD714880-3FFB-4D08-BEEB-1324439FB66E}"
EndProject
Project("{F184B08F-C81C-45F6-A57F-5ABD9991F28F}") = "CSVParser", "..\Libraries10\CSVParser\CSVParser.vbproj", "{EF690B6C-1FE1-4066-8727-3B46B5F8C600}"
EndProject
Project("{F184B08F-C81C-45F6-A57F-5ABD9991F28F}") = "EvoZipUtils", "..\Libraries10\EvoZipUtils\EvoZipUtils.vbproj", "{3570CADF-3A0C-4C84-9C6A-A23C5015E2F7}"
EndProject
Project("{F184B08F-C81C-45F6-A57F-5ABD9991F28F}") = "EvoUtilities", "..\Libraries10\EvoUtilities\EvoUtilities.vbproj", "{A9EC19B1-0065-4001-9C05-603F94AC0420}"
EndProject
Project("{F184B08F-C81C-45F6-A57F-5ABD9991F28F}") = "EvoDatabaseUtils", "..\Libraries10\EvoDatabaseUtils\EvoDatabaseUtils.vbproj", "{45AD55B9-7A28-43D6-AADE-E9B5D83A925C}"
EndProject
Project("{F184B08F-C81C-45F6-A57F-5ABD9991F28F}") = "BackupManager", "..\LIBRARIES10\BackupManager\BackupManager.vbproj", "{DDFE02E3-46B2-476B-B68B-84876F354C2C}"
EndProject
Project("{FAE04EC0-301F-11D3-BF4B-00C04F79EFBC}") = "MIMEParser", "..\LIBRARIES10\OpenPop\MIMEParser\MIMEParser.csproj", "{CC4C4334-335D-4369-B0ED-F3C17CD57364}"
EndProject
Project("{FAE04EC0-301F-11D3-BF4B-00C04F79EFBC}") = "Renci.SshNet", "..\LIBRARIES10\Renci.SshNet\Renci.SshNet.csproj", "{2F5F8C90-0BD1-424F-997C-7BC6280919D1}"
EndProject
Project("{F184B08F-C81C-45F6-A57F-5ABD9991F28F}") = "ServiceTestApp", "..\InternalAdminApp\NYSInternalAdmin\ServiceTestApp\ServiceTestApp.vbproj", "{96124CFD-F436-4C43-9EC5-D79079A24E98}"
EndProject
Project("{F184B08F-C81C-45F6-A57F-5ABD9991F28F}") = "DatabaseObjects", "..\CUBIT\Cubit\DatabaseObjects\DatabaseObjects.vbproj", "{18FA62EC-1D63-44E4-9577-A5292C9B13CD}"
EndProject
Project("{2150E333-8FDC-42A3-9474-1A3956D46DE8}") = ".nuget", ".nuget", "{077DD9B6-CA12-458B-B380-ECFF42307BC0}"
	ProjectSection(SolutionItems) = preProject
		.nuget\NuGet.Config = .nuget\NuGet.Config
		.nuget\NuGet.exe = .nuget\NuGet.exe
		.nuget\NuGet.targets = .nuget\NuGet.targets
	EndProjectSection
EndProject
Global
	GlobalSection(TeamFoundationVersionControl) = preSolution
		SccNumberOfProjects = 13
		SccEnterpriseProvider = {4CA58AB2-18FA-4F8D-95D4-32DDF27D184C}
		SccTeamFoundationServer = https://nysgroup.visualstudio.com/defaultcollection
		SccLocalPath0 = .
		SccProjectUniqueName1 = NYS_MailService.vbproj
		SccLocalPath1 = .
		SccProjectUniqueName2 = ..\\MevisApp\\NysDat\\NysDat.vbproj
		SccProjectName2 = ../MevisApp/NysDat
		SccLocalPath2 = ..\\MevisApp\\NysDat
		SccProjectUniqueName3 = ..\\BossApp\\BossData\\BossData.vbproj
		SccProjectName3 = ../BossApp/BossData
		SccLocalPath3 = ..\\BossApp\\BossData
		SccProjectUniqueName4 = ..\\Libraries10\\CSVParser\\CSVParser.vbproj
		SccProjectName4 = ../Libraries10/CSVParser
		SccLocalPath4 = ..\\Libraries10\\CSVParser
		SccProjectUniqueName5 = ..\\Libraries10\\EvoZipUtils\\EvoZipUtils.vbproj
		SccProjectName5 = ../Libraries10/EvoZipUtils
		SccLocalPath5 = ..\\Libraries10\\EvoZipUtils
		SccProjectUniqueName6 = ..\\Libraries10\\EvoUtilities\\EvoUtilities.vbproj
		SccProjectName6 = ../Libraries10/EvoUtilities
		SccLocalPath6 = ..\\Libraries10\\EvoUtilities
		SccProjectUniqueName7 = ..\\Libraries10\\EvoDatabaseUtils\\EvoDatabaseUtils.vbproj
		SccProjectName7 = ../Libraries10/EvoDatabaseUtils
		SccLocalPath7 = ..\\Libraries10\\EvoDatabaseUtils
		SccProjectUniqueName8 = ..\\LIBRARIES10\\BackupManager\\BackupManager.vbproj
		SccProjectName8 = ../Libraries10/BackupManager
		SccLocalPath8 = ..\\LIBRARIES10\\BackupManager
		SccProjectUniqueName9 = ..\\LIBRARIES10\\OpenPop\\MIMEParser\\MIMEParser.csproj
		SccProjectName9 = ../Libraries10/OpenPop/MIMEParser
		SccLocalPath9 = ..\\LIBRARIES10\\OpenPop\\MIMEParser
		SccProjectUniqueName10 = ..\\LIBRARIES10\\Renci.SshNet\\Renci.SshNet.csproj
		SccProjectName10 = ../Libraries10/Renci.SshNet
		SccLocalPath10 = ..\\LIBRARIES10\\Renci.SshNet
		SccProjectUniqueName11 = ..\\InternalAdminApp\\NYSInternalAdmin\\ServiceTestApp\\ServiceTestApp.vbproj
		SccProjectName11 = ../InternalAdminApp/NYSInternalAdmin/ServiceTestApp
		SccLocalPath11 = ..\\InternalAdminApp\\NYSInternalAdmin\\ServiceTestApp
		SccProjectUniqueName12 = ..\\CUBIT\\Cubit\\DatabaseObjects\\DatabaseObjects.vbproj
		SccProjectName12 = ../CUBIT/Cubit/DatabaseObjects
		SccLocalPath12 = ..\\CUBIT\\Cubit\\DatabaseObjects
	EndGlobalSection
	GlobalSection(SolutionConfigurationPlatforms) = preSolution
		CD_ROM|Any CPU = CD_ROM|Any CPU
		CD_ROM|Mixed Platforms = CD_ROM|Mixed Platforms
		CD_ROM|x64 = CD_ROM|x64
		CD_ROM|x86 = CD_ROM|x86
		Debug|Any CPU = Debug|Any CPU
		Debug|Mixed Platforms = Debug|Mixed Platforms
		Debug|x64 = Debug|x64
		Debug|x86 = Debug|x86
		DVD-5|Any CPU = DVD-5|Any CPU
		DVD-5|Mixed Platforms = DVD-5|Mixed Platforms
		DVD-5|x64 = DVD-5|x64
		DVD-5|x86 = DVD-5|x86
		Release|Any CPU = Release|Any CPU
		Release|Mixed Platforms = Release|Mixed Platforms
		Release|x64 = Release|x64
		Release|x86 = Release|x86
		SingleImage|Any CPU = SingleImage|Any CPU
		SingleImage|Mixed Platforms = SingleImage|Mixed Platforms
		SingleImage|x64 = SingleImage|x64
		SingleImage|x86 = SingleImage|x86
	EndGlobalSection
	GlobalSection(ProjectConfigurationPlatforms) = postSolution
		{143D113C-FDF8-483B-A619-6032E47DE317}.CD_ROM|Any CPU.ActiveCfg = Debug|Any CPU
		{143D113C-FDF8-483B-A619-6032E47DE317}.CD_ROM|Any CPU.Build.0 = Debug|Any CPU
		{143D113C-FDF8-483B-A619-6032E47DE317}.CD_ROM|Mixed Platforms.ActiveCfg = Release|x86
		{143D113C-FDF8-483B-A619-6032E47DE317}.CD_ROM|Mixed Platforms.Build.0 = Release|x86
		{143D113C-FDF8-483B-A619-6032E47DE317}.CD_ROM|x64.ActiveCfg = Debug|Any CPU
		{143D113C-FDF8-483B-A619-6032E47DE317}.CD_ROM|x86.ActiveCfg = Release|x86
		{143D113C-FDF8-483B-A619-6032E47DE317}.CD_ROM|x86.Build.0 = Release|x86
		{143D113C-FDF8-483B-A619-6032E47DE317}.Debug|Any CPU.ActiveCfg = Release|Any CPU
		{143D113C-FDF8-483B-A619-6032E47DE317}.Debug|Any CPU.Build.0 = Release|Any CPU
		{143D113C-FDF8-483B-A619-6032E47DE317}.Debug|Mixed Platforms.ActiveCfg = Debug|x86
		{143D113C-FDF8-483B-A619-6032E47DE317}.Debug|Mixed Platforms.Build.0 = Debug|x86
		{143D113C-FDF8-483B-A619-6032E47DE317}.Debug|x64.ActiveCfg = Debug|x86
		{143D113C-FDF8-483B-A619-6032E47DE317}.Debug|x86.ActiveCfg = Debug|Any CPU
		{143D113C-FDF8-483B-A619-6032E47DE317}.DVD-5|Any CPU.ActiveCfg = Debug|Any CPU
		{143D113C-FDF8-483B-A619-6032E47DE317}.DVD-5|Any CPU.Build.0 = Debug|Any CPU
		{143D113C-FDF8-483B-A619-6032E47DE317}.DVD-5|Mixed Platforms.ActiveCfg = Debug|x86
		{143D113C-FDF8-483B-A619-6032E47DE317}.DVD-5|Mixed Platforms.Build.0 = Debug|x86
		{143D113C-FDF8-483B-A619-6032E47DE317}.DVD-5|x64.ActiveCfg = Debug|Any CPU
		{143D113C-FDF8-483B-A619-6032E47DE317}.DVD-5|x86.ActiveCfg = Debug|x86
		{143D113C-FDF8-483B-A619-6032E47DE317}.DVD-5|x86.Build.0 = Debug|x86
		{143D113C-FDF8-483B-A619-6032E47DE317}.Release|Any CPU.ActiveCfg = Release|x86
		{143D113C-FDF8-483B-A619-6032E47DE317}.Release|Any CPU.Build.0 = Release|x86
		{143D113C-FDF8-483B-A619-6032E47DE317}.Release|Mixed Platforms.ActiveCfg = Release|x86
		{143D113C-FDF8-483B-A619-6032E47DE317}.Release|Mixed Platforms.Build.0 = Release|x86
		{143D113C-FDF8-483B-A619-6032E47DE317}.Release|x64.ActiveCfg = Release|x86
		{143D113C-FDF8-483B-A619-6032E47DE317}.Release|x86.ActiveCfg = Release|Any CPU
		{143D113C-FDF8-483B-A619-6032E47DE317}.SingleImage|Any CPU.ActiveCfg = Debug|Any CPU
		{143D113C-FDF8-483B-A619-6032E47DE317}.SingleImage|Any CPU.Build.0 = Debug|Any CPU
		{143D113C-FDF8-483B-A619-6032E47DE317}.SingleImage|Mixed Platforms.ActiveCfg = Release|x86
		{143D113C-FDF8-483B-A619-6032E47DE317}.SingleImage|Mixed Platforms.Build.0 = Release|x86
		{143D113C-FDF8-483B-A619-6032E47DE317}.SingleImage|x64.ActiveCfg = Debug|Any CPU
		{143D113C-FDF8-483B-A619-6032E47DE317}.SingleImage|x86.ActiveCfg = Release|x86
		{143D113C-FDF8-483B-A619-6032E47DE317}.SingleImage|x86.Build.0 = Release|x86
		{E549FE24-DF7C-4391-8262-145EC6513190}.CD_ROM|Any CPU.ActiveCfg = Release|Any CPU
		{E549FE24-DF7C-4391-8262-145EC6513190}.CD_ROM|Any CPU.Build.0 = Release|Any CPU
		{E549FE24-DF7C-4391-8262-145EC6513190}.CD_ROM|Mixed Platforms.ActiveCfg = Release|Any CPU
		{E549FE24-DF7C-4391-8262-145EC6513190}.CD_ROM|Mixed Platforms.Build.0 = Release|Any CPU
		{E549FE24-DF7C-4391-8262-145EC6513190}.CD_ROM|x64.ActiveCfg = Release|x64
		{E549FE24-DF7C-4391-8262-145EC6513190}.CD_ROM|x64.Build.0 = Release|x64
		{E549FE24-DF7C-4391-8262-145EC6513190}.CD_ROM|x86.ActiveCfg = Release|Any CPU
		{E549FE24-DF7C-4391-8262-145EC6513190}.Debug|Any CPU.ActiveCfg = Debug|Any CPU
		{E549FE24-DF7C-4391-8262-145EC6513190}.Debug|Any CPU.Build.0 = Debug|Any CPU
		{E549FE24-DF7C-4391-8262-145EC6513190}.Debug|Mixed Platforms.ActiveCfg = Debug|x64
		{E549FE24-DF7C-4391-8262-145EC6513190}.Debug|Mixed Platforms.Build.0 = Debug|x64
		{E549FE24-DF7C-4391-8262-145EC6513190}.Debug|x64.ActiveCfg = Debug|x64
		{E549FE24-DF7C-4391-8262-145EC6513190}.Debug|x64.Build.0 = Debug|x64
		{E549FE24-DF7C-4391-8262-145EC6513190}.Debug|x86.ActiveCfg = Debug|Any CPU
		{E549FE24-DF7C-4391-8262-145EC6513190}.DVD-5|Any CPU.ActiveCfg = Debug|Any CPU
		{E549FE24-DF7C-4391-8262-145EC6513190}.DVD-5|Any CPU.Build.0 = Debug|Any CPU
		{E549FE24-DF7C-4391-8262-145EC6513190}.DVD-5|Mixed Platforms.ActiveCfg = Debug|Any CPU
		{E549FE24-DF7C-4391-8262-145EC6513190}.DVD-5|Mixed Platforms.Build.0 = Debug|Any CPU
		{E549FE24-DF7C-4391-8262-145EC6513190}.DVD-5|x64.ActiveCfg = Debug|x64
		{E549FE24-DF7C-4391-8262-145EC6513190}.DVD-5|x64.Build.0 = Debug|x64
		{E549FE24-DF7C-4391-8262-145EC6513190}.DVD-5|x86.ActiveCfg = Debug|Any CPU
		{E549FE24-DF7C-4391-8262-145EC6513190}.Release|Any CPU.ActiveCfg = Release|Any CPU
		{E549FE24-DF7C-4391-8262-145EC6513190}.Release|Any CPU.Build.0 = Release|Any CPU
		{E549FE24-DF7C-4391-8262-145EC6513190}.Release|Mixed Platforms.ActiveCfg = Release|x64
		{E549FE24-DF7C-4391-8262-145EC6513190}.Release|Mixed Platforms.Build.0 = Release|x64
		{E549FE24-DF7C-4391-8262-145EC6513190}.Release|x64.ActiveCfg = Release|x64
		{E549FE24-DF7C-4391-8262-145EC6513190}.Release|x64.Build.0 = Release|x64
		{E549FE24-DF7C-4391-8262-145EC6513190}.Release|x86.ActiveCfg = Release|Any CPU
		{E549FE24-DF7C-4391-8262-145EC6513190}.SingleImage|Any CPU.ActiveCfg = Release|Any CPU
		{E549FE24-DF7C-4391-8262-145EC6513190}.SingleImage|Any CPU.Build.0 = Release|Any CPU
		{E549FE24-DF7C-4391-8262-145EC6513190}.SingleImage|Mixed Platforms.ActiveCfg = Release|Any CPU
		{E549FE24-DF7C-4391-8262-145EC6513190}.SingleImage|Mixed Platforms.Build.0 = Release|Any CPU
		{E549FE24-DF7C-4391-8262-145EC6513190}.SingleImage|x64.ActiveCfg = Release|x64
		{E549FE24-DF7C-4391-8262-145EC6513190}.SingleImage|x64.Build.0 = Release|x64
		{E549FE24-DF7C-4391-8262-145EC6513190}.SingleImage|x86.ActiveCfg = Release|Any CPU
		{DD714880-3FFB-4D08-BEEB-1324439FB66E}.CD_ROM|Any CPU.ActiveCfg = Release|Any CPU
		{DD714880-3FFB-4D08-BEEB-1324439FB66E}.CD_ROM|Any CPU.Build.0 = Release|Any CPU
		{DD714880-3FFB-4D08-BEEB-1324439FB66E}.CD_ROM|Mixed Platforms.ActiveCfg = Release|Any CPU
		{DD714880-3FFB-4D08-BEEB-1324439FB66E}.CD_ROM|Mixed Platforms.Build.0 = Release|Any CPU
		{DD714880-3FFB-4D08-BEEB-1324439FB66E}.CD_ROM|x64.ActiveCfg = Release|Any CPU
		{DD714880-3FFB-4D08-BEEB-1324439FB66E}.CD_ROM|x86.ActiveCfg = Release|Any CPU
		{DD714880-3FFB-4D08-BEEB-1324439FB66E}.Debug|Any CPU.ActiveCfg = Debug|Any CPU
		{DD714880-3FFB-4D08-BEEB-1324439FB66E}.Debug|Any CPU.Build.0 = Debug|Any CPU
		{DD714880-3FFB-4D08-BEEB-1324439FB66E}.Debug|Mixed Platforms.ActiveCfg = Debug|Any CPU
		{DD714880-3FFB-4D08-BEEB-1324439FB66E}.Debug|Mixed Platforms.Build.0 = Debug|Any CPU
		{DD714880-3FFB-4D08-BEEB-1324439FB66E}.Debug|x64.ActiveCfg = Debug|Any CPU
		{DD714880-3FFB-4D08-BEEB-1324439FB66E}.Debug|x86.ActiveCfg = Debug|Any CPU
		{DD714880-3FFB-4D08-BEEB-1324439FB66E}.DVD-5|Any CPU.ActiveCfg = Debug|Any CPU
		{DD714880-3FFB-4D08-BEEB-1324439FB66E}.DVD-5|Any CPU.Build.0 = Debug|Any CPU
		{DD714880-3FFB-4D08-BEEB-1324439FB66E}.DVD-5|Mixed Platforms.ActiveCfg = Debug|Any CPU
		{DD714880-3FFB-4D08-BEEB-1324439FB66E}.DVD-5|Mixed Platforms.Build.0 = Debug|Any CPU
		{DD714880-3FFB-4D08-BEEB-1324439FB66E}.DVD-5|x64.ActiveCfg = Debug|Any CPU
		{DD714880-3FFB-4D08-BEEB-1324439FB66E}.DVD-5|x86.ActiveCfg = Debug|Any CPU
		{DD714880-3FFB-4D08-BEEB-1324439FB66E}.Release|Any CPU.ActiveCfg = Release|Any CPU
		{DD714880-3FFB-4D08-BEEB-1324439FB66E}.Release|Any CPU.Build.0 = Release|Any CPU
		{DD714880-3FFB-4D08-BEEB-1324439FB66E}.Release|Mixed Platforms.ActiveCfg = Release|Any CPU
		{DD714880-3FFB-4D08-BEEB-1324439FB66E}.Release|Mixed Platforms.Build.0 = Release|Any CPU
		{DD714880-3FFB-4D08-BEEB-1324439FB66E}.Release|x64.ActiveCfg = Release|Any CPU
		{DD714880-3FFB-4D08-BEEB-1324439FB66E}.Release|x86.ActiveCfg = Release|Any CPU
		{DD714880-3FFB-4D08-BEEB-1324439FB66E}.SingleImage|Any CPU.ActiveCfg = Release|Any CPU
		{DD714880-3FFB-4D08-BEEB-1324439FB66E}.SingleImage|Any CPU.Build.0 = Release|Any CPU
		{DD714880-3FFB-4D08-BEEB-1324439FB66E}.SingleImage|Mixed Platforms.ActiveCfg = Release|Any CPU
		{DD714880-3FFB-4D08-BEEB-1324439FB66E}.SingleImage|Mixed Platforms.Build.0 = Release|Any CPU
		{DD714880-3FFB-4D08-BEEB-1324439FB66E}.SingleImage|x64.ActiveCfg = Release|Any CPU
		{DD714880-3FFB-4D08-BEEB-1324439FB66E}.SingleImage|x86.ActiveCfg = Release|Any CPU
		{EF690B6C-1FE1-4066-8727-3B46B5F8C600}.CD_ROM|Any CPU.ActiveCfg = Release|Any CPU
		{EF690B6C-1FE1-4066-8727-3B46B5F8C600}.CD_ROM|Any CPU.Build.0 = Release|Any CPU
		{EF690B6C-1FE1-4066-8727-3B46B5F8C600}.CD_ROM|Mixed Platforms.ActiveCfg = Release|Any CPU
		{EF690B6C-1FE1-4066-8727-3B46B5F8C600}.CD_ROM|Mixed Platforms.Build.0 = Release|Any CPU
		{EF690B6C-1FE1-4066-8727-3B46B5F8C600}.CD_ROM|x64.ActiveCfg = Release|x64
		{EF690B6C-1FE1-4066-8727-3B46B5F8C600}.CD_ROM|x64.Build.0 = Release|x64
		{EF690B6C-1FE1-4066-8727-3B46B5F8C600}.CD_ROM|x86.ActiveCfg = Release|Any CPU
		{EF690B6C-1FE1-4066-8727-3B46B5F8C600}.Debug|Any CPU.ActiveCfg = Debug|Any CPU
		{EF690B6C-1FE1-4066-8727-3B46B5F8C600}.Debug|Any CPU.Build.0 = Debug|Any CPU
		{EF690B6C-1FE1-4066-8727-3B46B5F8C600}.Debug|Mixed Platforms.ActiveCfg = Debug|x64
		{EF690B6C-1FE1-4066-8727-3B46B5F8C600}.Debug|Mixed Platforms.Build.0 = Debug|x64
		{EF690B6C-1FE1-4066-8727-3B46B5F8C600}.Debug|x64.ActiveCfg = Debug|x64
		{EF690B6C-1FE1-4066-8727-3B46B5F8C600}.Debug|x64.Build.0 = Debug|x64
		{EF690B6C-1FE1-4066-8727-3B46B5F8C600}.Debug|x86.ActiveCfg = Debug|x64
		{EF690B6C-1FE1-4066-8727-3B46B5F8C600}.DVD-5|Any CPU.ActiveCfg = Debug|Any CPU
		{EF690B6C-1FE1-4066-8727-3B46B5F8C600}.DVD-5|Any CPU.Build.0 = Debug|Any CPU
		{EF690B6C-1FE1-4066-8727-3B46B5F8C600}.DVD-5|Mixed Platforms.ActiveCfg = Debug|Any CPU
		{EF690B6C-1FE1-4066-8727-3B46B5F8C600}.DVD-5|Mixed Platforms.Build.0 = Debug|Any CPU
		{EF690B6C-1FE1-4066-8727-3B46B5F8C600}.DVD-5|x64.ActiveCfg = Debug|x64
		{EF690B6C-1FE1-4066-8727-3B46B5F8C600}.DVD-5|x64.Build.0 = Debug|x64
		{EF690B6C-1FE1-4066-8727-3B46B5F8C600}.DVD-5|x86.ActiveCfg = Debug|Any CPU
		{EF690B6C-1FE1-4066-8727-3B46B5F8C600}.Release|Any CPU.ActiveCfg = Release|Any CPU
		{EF690B6C-1FE1-4066-8727-3B46B5F8C600}.Release|Any CPU.Build.0 = Release|Any CPU
		{EF690B6C-1FE1-4066-8727-3B46B5F8C600}.Release|Mixed Platforms.ActiveCfg = Release|x64
		{EF690B6C-1FE1-4066-8727-3B46B5F8C600}.Release|Mixed Platforms.Build.0 = Release|x64
		{EF690B6C-1FE1-4066-8727-3B46B5F8C600}.Release|x64.ActiveCfg = Release|x64
		{EF690B6C-1FE1-4066-8727-3B46B5F8C600}.Release|x64.Build.0 = Release|x64
		{EF690B6C-1FE1-4066-8727-3B46B5F8C600}.Release|x86.ActiveCfg = Release|x64
		{EF690B6C-1FE1-4066-8727-3B46B5F8C600}.SingleImage|Any CPU.ActiveCfg = Release|Any CPU
		{EF690B6C-1FE1-4066-8727-3B46B5F8C600}.SingleImage|Any CPU.Build.0 = Release|Any CPU
		{EF690B6C-1FE1-4066-8727-3B46B5F8C600}.SingleImage|Mixed Platforms.ActiveCfg = Release|Any CPU
		{EF690B6C-1FE1-4066-8727-3B46B5F8C600}.SingleImage|Mixed Platforms.Build.0 = Release|Any CPU
		{EF690B6C-1FE1-4066-8727-3B46B5F8C600}.SingleImage|x64.ActiveCfg = Release|x64
		{EF690B6C-1FE1-4066-8727-3B46B5F8C600}.SingleImage|x64.Build.0 = Release|x64
		{EF690B6C-1FE1-4066-8727-3B46B5F8C600}.SingleImage|x86.ActiveCfg = Release|Any CPU
		{3570CADF-3A0C-4C84-9C6A-A23C5015E2F7}.CD_ROM|Any CPU.ActiveCfg = Release|Any CPU
		{3570CADF-3A0C-4C84-9C6A-A23C5015E2F7}.CD_ROM|Any CPU.Build.0 = Release|Any CPU
		{3570CADF-3A0C-4C84-9C6A-A23C5015E2F7}.CD_ROM|Mixed Platforms.ActiveCfg = Release|x86
		{3570CADF-3A0C-4C84-9C6A-A23C5015E2F7}.CD_ROM|Mixed Platforms.Build.0 = Release|x86
		{3570CADF-3A0C-4C84-9C6A-A23C5015E2F7}.CD_ROM|x64.ActiveCfg = Release|Any CPU
		{3570CADF-3A0C-4C84-9C6A-A23C5015E2F7}.CD_ROM|x86.ActiveCfg = Release|x86
		{3570CADF-3A0C-4C84-9C6A-A23C5015E2F7}.CD_ROM|x86.Build.0 = Release|x86
		{3570CADF-3A0C-4C84-9C6A-A23C5015E2F7}.Debug|Any CPU.ActiveCfg = Debug|Any CPU
		{3570CADF-3A0C-4C84-9C6A-A23C5015E2F7}.Debug|Any CPU.Build.0 = Debug|Any CPU
		{3570CADF-3A0C-4C84-9C6A-A23C5015E2F7}.Debug|Mixed Platforms.ActiveCfg = Debug|x86
		{3570CADF-3A0C-4C84-9C6A-A23C5015E2F7}.Debug|Mixed Platforms.Build.0 = Debug|x86
		{3570CADF-3A0C-4C84-9C6A-A23C5015E2F7}.Debug|x64.ActiveCfg = Debug|x86
		{3570CADF-3A0C-4C84-9C6A-A23C5015E2F7}.Debug|x86.ActiveCfg = Debug|x86
		{3570CADF-3A0C-4C84-9C6A-A23C5015E2F7}.Debug|x86.Build.0 = Debug|x86
		{3570CADF-3A0C-4C84-9C6A-A23C5015E2F7}.DVD-5|Any CPU.ActiveCfg = Debug|Any CPU
		{3570CADF-3A0C-4C84-9C6A-A23C5015E2F7}.DVD-5|Any CPU.Build.0 = Debug|Any CPU
		{3570CADF-3A0C-4C84-9C6A-A23C5015E2F7}.DVD-5|Mixed Platforms.ActiveCfg = Debug|x86
		{3570CADF-3A0C-4C84-9C6A-A23C5015E2F7}.DVD-5|Mixed Platforms.Build.0 = Debug|x86
		{3570CADF-3A0C-4C84-9C6A-A23C5015E2F7}.DVD-5|x64.ActiveCfg = Debug|Any CPU
		{3570CADF-3A0C-4C84-9C6A-A23C5015E2F7}.DVD-5|x86.ActiveCfg = Debug|x86
		{3570CADF-3A0C-4C84-9C6A-A23C5015E2F7}.DVD-5|x86.Build.0 = Debug|x86
		{3570CADF-3A0C-4C84-9C6A-A23C5015E2F7}.Release|Any CPU.ActiveCfg = Release|Any CPU
		{3570CADF-3A0C-4C84-9C6A-A23C5015E2F7}.Release|Any CPU.Build.0 = Release|Any CPU
		{3570CADF-3A0C-4C84-9C6A-A23C5015E2F7}.Release|Mixed Platforms.ActiveCfg = Release|x86
		{3570CADF-3A0C-4C84-9C6A-A23C5015E2F7}.Release|Mixed Platforms.Build.0 = Release|x86
		{3570CADF-3A0C-4C84-9C6A-A23C5015E2F7}.Release|x64.ActiveCfg = Release|x86
		{3570CADF-3A0C-4C84-9C6A-A23C5015E2F7}.Release|x86.ActiveCfg = Release|x86
		{3570CADF-3A0C-4C84-9C6A-A23C5015E2F7}.Release|x86.Build.0 = Release|x86
		{3570CADF-3A0C-4C84-9C6A-A23C5015E2F7}.SingleImage|Any CPU.ActiveCfg = Release|Any CPU
		{3570CADF-3A0C-4C84-9C6A-A23C5015E2F7}.SingleImage|Any CPU.Build.0 = Release|Any CPU
		{3570CADF-3A0C-4C84-9C6A-A23C5015E2F7}.SingleImage|Mixed Platforms.ActiveCfg = Release|x86
		{3570CADF-3A0C-4C84-9C6A-A23C5015E2F7}.SingleImage|Mixed Platforms.Build.0 = Release|x86
		{3570CADF-3A0C-4C84-9C6A-A23C5015E2F7}.SingleImage|x64.ActiveCfg = Release|Any CPU
		{3570CADF-3A0C-4C84-9C6A-A23C5015E2F7}.SingleImage|x86.ActiveCfg = Release|x86
		{3570CADF-3A0C-4C84-9C6A-A23C5015E2F7}.SingleImage|x86.Build.0 = Release|x86
		{A9EC19B1-0065-4001-9C05-603F94AC0420}.CD_ROM|Any CPU.ActiveCfg = Release|Any CPU
		{A9EC19B1-0065-4001-9C05-603F94AC0420}.CD_ROM|Any CPU.Build.0 = Release|Any CPU
		{A9EC19B1-0065-4001-9C05-603F94AC0420}.CD_ROM|Mixed Platforms.ActiveCfg = Release|x86
		{A9EC19B1-0065-4001-9C05-603F94AC0420}.CD_ROM|Mixed Platforms.Build.0 = Release|x86
		{A9EC19B1-0065-4001-9C05-603F94AC0420}.CD_ROM|x64.ActiveCfg = Release|x64
		{A9EC19B1-0065-4001-9C05-603F94AC0420}.CD_ROM|x64.Build.0 = Release|x64
		{A9EC19B1-0065-4001-9C05-603F94AC0420}.CD_ROM|x86.ActiveCfg = Release|x86
		{A9EC19B1-0065-4001-9C05-603F94AC0420}.CD_ROM|x86.Build.0 = Release|x86
		{A9EC19B1-0065-4001-9C05-603F94AC0420}.Debug|Any CPU.ActiveCfg = Debug|Any CPU
		{A9EC19B1-0065-4001-9C05-603F94AC0420}.Debug|Any CPU.Build.0 = Debug|Any CPU
		{A9EC19B1-0065-4001-9C05-603F94AC0420}.Debug|Mixed Platforms.ActiveCfg = Debug|x64
		{A9EC19B1-0065-4001-9C05-603F94AC0420}.Debug|Mixed Platforms.Build.0 = Debug|x64
		{A9EC19B1-0065-4001-9C05-603F94AC0420}.Debug|x64.ActiveCfg = Debug|x64
		{A9EC19B1-0065-4001-9C05-603F94AC0420}.Debug|x64.Build.0 = Debug|x64
		{A9EC19B1-0065-4001-9C05-603F94AC0420}.Debug|x86.ActiveCfg = Debug|x86
		{A9EC19B1-0065-4001-9C05-603F94AC0420}.Debug|x86.Build.0 = Debug|x86
		{A9EC19B1-0065-4001-9C05-603F94AC0420}.DVD-5|Any CPU.ActiveCfg = Debug|Any CPU
		{A9EC19B1-0065-4001-9C05-603F94AC0420}.DVD-5|Any CPU.Build.0 = Debug|Any CPU
		{A9EC19B1-0065-4001-9C05-603F94AC0420}.DVD-5|Mixed Platforms.ActiveCfg = Debug|x86
		{A9EC19B1-0065-4001-9C05-603F94AC0420}.DVD-5|Mixed Platforms.Build.0 = Debug|x86
		{A9EC19B1-0065-4001-9C05-603F94AC0420}.DVD-5|x64.ActiveCfg = Debug|x64
		{A9EC19B1-0065-4001-9C05-603F94AC0420}.DVD-5|x64.Build.0 = Debug|x64
		{A9EC19B1-0065-4001-9C05-603F94AC0420}.DVD-5|x86.ActiveCfg = Debug|x86
		{A9EC19B1-0065-4001-9C05-603F94AC0420}.DVD-5|x86.Build.0 = Debug|x86
		{A9EC19B1-0065-4001-9C05-603F94AC0420}.Release|Any CPU.ActiveCfg = Release|Any CPU
		{A9EC19B1-0065-4001-9C05-603F94AC0420}.Release|Any CPU.Build.0 = Release|Any CPU
		{A9EC19B1-0065-4001-9C05-603F94AC0420}.Release|Mixed Platforms.ActiveCfg = Release|x64
		{A9EC19B1-0065-4001-9C05-603F94AC0420}.Release|Mixed Platforms.Build.0 = Release|x64
		{A9EC19B1-0065-4001-9C05-603F94AC0420}.Release|x64.ActiveCfg = Release|x64
		{A9EC19B1-0065-4001-9C05-603F94AC0420}.Release|x64.Build.0 = Release|x64
		{A9EC19B1-0065-4001-9C05-603F94AC0420}.Release|x86.ActiveCfg = Release|x86
		{A9EC19B1-0065-4001-9C05-603F94AC0420}.Release|x86.Build.0 = Release|x86
		{A9EC19B1-0065-4001-9C05-603F94AC0420}.SingleImage|Any CPU.ActiveCfg = Release|Any CPU
		{A9EC19B1-0065-4001-9C05-603F94AC0420}.SingleImage|Any CPU.Build.0 = Release|Any CPU
		{A9EC19B1-0065-4001-9C05-603F94AC0420}.SingleImage|Mixed Platforms.ActiveCfg = Release|x86
		{A9EC19B1-0065-4001-9C05-603F94AC0420}.SingleImage|Mixed Platforms.Build.0 = Release|x86
		{A9EC19B1-0065-4001-9C05-603F94AC0420}.SingleImage|x64.ActiveCfg = Release|x64
		{A9EC19B1-0065-4001-9C05-603F94AC0420}.SingleImage|x64.Build.0 = Release|x64
		{A9EC19B1-0065-4001-9C05-603F94AC0420}.SingleImage|x86.ActiveCfg = Release|x86
		{A9EC19B1-0065-4001-9C05-603F94AC0420}.SingleImage|x86.Build.0 = Release|x86
		{45AD55B9-7A28-43D6-AADE-E9B5D83A925C}.CD_ROM|Any CPU.ActiveCfg = Release|Any CPU
		{45AD55B9-7A28-43D6-AADE-E9B5D83A925C}.CD_ROM|Any CPU.Build.0 = Release|Any CPU
		{45AD55B9-7A28-43D6-AADE-E9B5D83A925C}.CD_ROM|Mixed Platforms.ActiveCfg = Release|x86
		{45AD55B9-7A28-43D6-AADE-E9B5D83A925C}.CD_ROM|Mixed Platforms.Build.0 = Release|x86
		{45AD55B9-7A28-43D6-AADE-E9B5D83A925C}.CD_ROM|x64.ActiveCfg = Release|x64
		{45AD55B9-7A28-43D6-AADE-E9B5D83A925C}.CD_ROM|x64.Build.0 = Release|x64
		{45AD55B9-7A28-43D6-AADE-E9B5D83A925C}.CD_ROM|x86.ActiveCfg = Release|x86
		{45AD55B9-7A28-43D6-AADE-E9B5D83A925C}.CD_ROM|x86.Build.0 = Release|x86
		{45AD55B9-7A28-43D6-AADE-E9B5D83A925C}.Debug|Any CPU.ActiveCfg = Debug|Any CPU
		{45AD55B9-7A28-43D6-AADE-E9B5D83A925C}.Debug|Any CPU.Build.0 = Debug|Any CPU
		{45AD55B9-7A28-43D6-AADE-E9B5D83A925C}.Debug|Mixed Platforms.ActiveCfg = Debug|x64
		{45AD55B9-7A28-43D6-AADE-E9B5D83A925C}.Debug|Mixed Platforms.Build.0 = Debug|x64
		{45AD55B9-7A28-43D6-AADE-E9B5D83A925C}.Debug|x64.ActiveCfg = Debug|x64
		{45AD55B9-7A28-43D6-AADE-E9B5D83A925C}.Debug|x64.Build.0 = Debug|x64
		{45AD55B9-7A28-43D6-AADE-E9B5D83A925C}.Debug|x86.ActiveCfg = Debug|x86
		{45AD55B9-7A28-43D6-AADE-E9B5D83A925C}.Debug|x86.Build.0 = Debug|x86
		{45AD55B9-7A28-43D6-AADE-E9B5D83A925C}.DVD-5|Any CPU.ActiveCfg = Debug|Any CPU
		{45AD55B9-7A28-43D6-AADE-E9B5D83A925C}.DVD-5|Any CPU.Build.0 = Debug|Any CPU
		{45AD55B9-7A28-43D6-AADE-E9B5D83A925C}.DVD-5|Mixed Platforms.ActiveCfg = Debug|x86
		{45AD55B9-7A28-43D6-AADE-E9B5D83A925C}.DVD-5|Mixed Platforms.Build.0 = Debug|x86
		{45AD55B9-7A28-43D6-AADE-E9B5D83A925C}.DVD-5|x64.ActiveCfg = Debug|x64
		{45AD55B9-7A28-43D6-AADE-E9B5D83A925C}.DVD-5|x64.Build.0 = Debug|x64
		{45AD55B9-7A28-43D6-AADE-E9B5D83A925C}.DVD-5|x86.ActiveCfg = Debug|x86
		{45AD55B9-7A28-43D6-AADE-E9B5D83A925C}.DVD-5|x86.Build.0 = Debug|x86
		{45AD55B9-7A28-43D6-AADE-E9B5D83A925C}.Release|Any CPU.ActiveCfg = Release|Any CPU
		{45AD55B9-7A28-43D6-AADE-E9B5D83A925C}.Release|Any CPU.Build.0 = Release|Any CPU
		{45AD55B9-7A28-43D6-AADE-E9B5D83A925C}.Release|Mixed Platforms.ActiveCfg = Release|x64
		{45AD55B9-7A28-43D6-AADE-E9B5D83A925C}.Release|Mixed Platforms.Build.0 = Release|x64
		{45AD55B9-7A28-43D6-AADE-E9B5D83A925C}.Release|x64.ActiveCfg = Release|x64
		{45AD55B9-7A28-43D6-AADE-E9B5D83A925C}.Release|x64.Build.0 = Release|x64
		{45AD55B9-7A28-43D6-AADE-E9B5D83A925C}.Release|x86.ActiveCfg = Release|x86
		{45AD55B9-7A28-43D6-AADE-E9B5D83A925C}.Release|x86.Build.0 = Release|x86
		{45AD55B9-7A28-43D6-AADE-E9B5D83A925C}.SingleImage|Any CPU.ActiveCfg = Release|Any CPU
		{45AD55B9-7A28-43D6-AADE-E9B5D83A925C}.SingleImage|Any CPU.Build.0 = Release|Any CPU
		{45AD55B9-7A28-43D6-AADE-E9B5D83A925C}.SingleImage|Mixed Platforms.ActiveCfg = Release|x86
		{45AD55B9-7A28-43D6-AADE-E9B5D83A925C}.SingleImage|Mixed Platforms.Build.0 = Release|x86
		{45AD55B9-7A28-43D6-AADE-E9B5D83A925C}.SingleImage|x64.ActiveCfg = Release|x64
		{45AD55B9-7A28-43D6-AADE-E9B5D83A925C}.SingleImage|x64.Build.0 = Release|x64
		{45AD55B9-7A28-43D6-AADE-E9B5D83A925C}.SingleImage|x86.ActiveCfg = Release|x86
		{45AD55B9-7A28-43D6-AADE-E9B5D83A925C}.SingleImage|x86.Build.0 = Release|x86
		{DDFE02E3-46B2-476B-B68B-84876F354C2C}.CD_ROM|Any CPU.ActiveCfg = Release|Any CPU
		{DDFE02E3-46B2-476B-B68B-84876F354C2C}.CD_ROM|Any CPU.Build.0 = Release|Any CPU
		{DDFE02E3-46B2-476B-B68B-84876F354C2C}.CD_ROM|Mixed Platforms.ActiveCfg = Release|Any CPU
		{DDFE02E3-46B2-476B-B68B-84876F354C2C}.CD_ROM|Mixed Platforms.Build.0 = Release|Any CPU
		{DDFE02E3-46B2-476B-B68B-84876F354C2C}.CD_ROM|x64.ActiveCfg = Release|Any CPU
		{DDFE02E3-46B2-476B-B68B-84876F354C2C}.CD_ROM|x86.ActiveCfg = Release|Any CPU
		{DDFE02E3-46B2-476B-B68B-84876F354C2C}.Debug|Any CPU.ActiveCfg = Debug|Any CPU
		{DDFE02E3-46B2-476B-B68B-84876F354C2C}.Debug|Any CPU.Build.0 = Debug|Any CPU
		{DDFE02E3-46B2-476B-B68B-84876F354C2C}.Debug|Mixed Platforms.ActiveCfg = Debug|Any CPU
		{DDFE02E3-46B2-476B-B68B-84876F354C2C}.Debug|Mixed Platforms.Build.0 = Debug|Any CPU
		{DDFE02E3-46B2-476B-B68B-84876F354C2C}.Debug|x64.ActiveCfg = Debug|Any CPU
		{DDFE02E3-46B2-476B-B68B-84876F354C2C}.Debug|x86.ActiveCfg = Debug|Any CPU
		{DDFE02E3-46B2-476B-B68B-84876F354C2C}.DVD-5|Any CPU.ActiveCfg = Debug|Any CPU
		{DDFE02E3-46B2-476B-B68B-84876F354C2C}.DVD-5|Any CPU.Build.0 = Debug|Any CPU
		{DDFE02E3-46B2-476B-B68B-84876F354C2C}.DVD-5|Mixed Platforms.ActiveCfg = Debug|Any CPU
		{DDFE02E3-46B2-476B-B68B-84876F354C2C}.DVD-5|Mixed Platforms.Build.0 = Debug|Any CPU
		{DDFE02E3-46B2-476B-B68B-84876F354C2C}.DVD-5|x64.ActiveCfg = Debug|Any CPU
		{DDFE02E3-46B2-476B-B68B-84876F354C2C}.DVD-5|x86.ActiveCfg = Debug|Any CPU
		{DDFE02E3-46B2-476B-B68B-84876F354C2C}.Release|Any CPU.ActiveCfg = Release|Any CPU
		{DDFE02E3-46B2-476B-B68B-84876F354C2C}.Release|Any CPU.Build.0 = Release|Any CPU
		{DDFE02E3-46B2-476B-B68B-84876F354C2C}.Release|Mixed Platforms.ActiveCfg = Release|Any CPU
		{DDFE02E3-46B2-476B-B68B-84876F354C2C}.Release|Mixed Platforms.Build.0 = Release|Any CPU
		{DDFE02E3-46B2-476B-B68B-84876F354C2C}.Release|x64.ActiveCfg = Release|Any CPU
		{DDFE02E3-46B2-476B-B68B-84876F354C2C}.Release|x86.ActiveCfg = Release|Any CPU
		{DDFE02E3-46B2-476B-B68B-84876F354C2C}.SingleImage|Any CPU.ActiveCfg = Release|Any CPU
		{DDFE02E3-46B2-476B-B68B-84876F354C2C}.SingleImage|Any CPU.Build.0 = Release|Any CPU
		{DDFE02E3-46B2-476B-B68B-84876F354C2C}.SingleImage|Mixed Platforms.ActiveCfg = Release|Any CPU
		{DDFE02E3-46B2-476B-B68B-84876F354C2C}.SingleImage|Mixed Platforms.Build.0 = Release|Any CPU
		{DDFE02E3-46B2-476B-B68B-84876F354C2C}.SingleImage|x64.ActiveCfg = Release|Any CPU
		{DDFE02E3-46B2-476B-B68B-84876F354C2C}.SingleImage|x86.ActiveCfg = Release|Any CPU
		{CC4C4334-335D-4369-B0ED-F3C17CD57364}.CD_ROM|Any CPU.ActiveCfg = Release|Any CPU
		{CC4C4334-335D-4369-B0ED-F3C17CD57364}.CD_ROM|Any CPU.Build.0 = Release|Any CPU
		{CC4C4334-335D-4369-B0ED-F3C17CD57364}.CD_ROM|Mixed Platforms.ActiveCfg = Release|Any CPU
		{CC4C4334-335D-4369-B0ED-F3C17CD57364}.CD_ROM|Mixed Platforms.Build.0 = Release|Any CPU
		{CC4C4334-335D-4369-B0ED-F3C17CD57364}.CD_ROM|x64.ActiveCfg = Release|Any CPU
		{CC4C4334-335D-4369-B0ED-F3C17CD57364}.CD_ROM|x86.ActiveCfg = Release|Any CPU
		{CC4C4334-335D-4369-B0ED-F3C17CD57364}.Debug|Any CPU.ActiveCfg = Debug|Any CPU
		{CC4C4334-335D-4369-B0ED-F3C17CD57364}.Debug|Any CPU.Build.0 = Debug|Any CPU
		{CC4C4334-335D-4369-B0ED-F3C17CD57364}.Debug|Mixed Platforms.ActiveCfg = Debug|Any CPU
		{CC4C4334-335D-4369-B0ED-F3C17CD57364}.Debug|Mixed Platforms.Build.0 = Debug|Any CPU
		{CC4C4334-335D-4369-B0ED-F3C17CD57364}.Debug|x64.ActiveCfg = Debug|Any CPU
		{CC4C4334-335D-4369-B0ED-F3C17CD57364}.Debug|x86.ActiveCfg = Debug|Any CPU
		{CC4C4334-335D-4369-B0ED-F3C17CD57364}.DVD-5|Any CPU.ActiveCfg = Debug|Any CPU
		{CC4C4334-335D-4369-B0ED-F3C17CD57364}.DVD-5|Any CPU.Build.0 = Debug|Any CPU
		{CC4C4334-335D-4369-B0ED-F3C17CD57364}.DVD-5|Mixed Platforms.ActiveCfg = Debug|Any CPU
		{CC4C4334-335D-4369-B0ED-F3C17CD57364}.DVD-5|Mixed Platforms.Build.0 = Debug|Any CPU
		{CC4C4334-335D-4369-B0ED-F3C17CD57364}.DVD-5|x64.ActiveCfg = Debug|Any CPU
		{CC4C4334-335D-4369-B0ED-F3C17CD57364}.DVD-5|x86.ActiveCfg = Debug|Any CPU
		{CC4C4334-335D-4369-B0ED-F3C17CD57364}.Release|Any CPU.ActiveCfg = Release|Any CPU
		{CC4C4334-335D-4369-B0ED-F3C17CD57364}.Release|Any CPU.Build.0 = Release|Any CPU
		{CC4C4334-335D-4369-B0ED-F3C17CD57364}.Release|Mixed Platforms.ActiveCfg = Release|Any CPU
		{CC4C4334-335D-4369-B0ED-F3C17CD57364}.Release|Mixed Platforms.Build.0 = Release|Any CPU
		{CC4C4334-335D-4369-B0ED-F3C17CD57364}.Release|x64.ActiveCfg = Release|Any CPU
		{CC4C4334-335D-4369-B0ED-F3C17CD57364}.Release|x86.ActiveCfg = Release|Any CPU
		{CC4C4334-335D-4369-B0ED-F3C17CD57364}.SingleImage|Any CPU.ActiveCfg = Release|Any CPU
		{CC4C4334-335D-4369-B0ED-F3C17CD57364}.SingleImage|Any CPU.Build.0 = Release|Any CPU
		{CC4C4334-335D-4369-B0ED-F3C17CD57364}.SingleImage|Mixed Platforms.ActiveCfg = Release|Any CPU
		{CC4C4334-335D-4369-B0ED-F3C17CD57364}.SingleImage|Mixed Platforms.Build.0 = Release|Any CPU
		{CC4C4334-335D-4369-B0ED-F3C17CD57364}.SingleImage|x64.ActiveCfg = Release|Any CPU
		{CC4C4334-335D-4369-B0ED-F3C17CD57364}.SingleImage|x86.ActiveCfg = Release|Any CPU
		{2F5F8C90-0BD1-424F-997C-7BC6280919D1}.CD_ROM|Any CPU.ActiveCfg = Release|Any CPU
		{2F5F8C90-0BD1-424F-997C-7BC6280919D1}.CD_ROM|Any CPU.Build.0 = Release|Any CPU
		{2F5F8C90-0BD1-424F-997C-7BC6280919D1}.CD_ROM|Mixed Platforms.ActiveCfg = Release|Any CPU
		{2F5F8C90-0BD1-424F-997C-7BC6280919D1}.CD_ROM|Mixed Platforms.Build.0 = Release|Any CPU
		{2F5F8C90-0BD1-424F-997C-7BC6280919D1}.CD_ROM|x64.ActiveCfg = Release|Any CPU
		{2F5F8C90-0BD1-424F-997C-7BC6280919D1}.CD_ROM|x86.ActiveCfg = Release|Any CPU
		{2F5F8C90-0BD1-424F-997C-7BC6280919D1}.Debug|Any CPU.ActiveCfg = Debug|Any CPU
		{2F5F8C90-0BD1-424F-997C-7BC6280919D1}.Debug|Any CPU.Build.0 = Debug|Any CPU
		{2F5F8C90-0BD1-424F-997C-7BC6280919D1}.Debug|Mixed Platforms.ActiveCfg = Debug|Any CPU
		{2F5F8C90-0BD1-424F-997C-7BC6280919D1}.Debug|Mixed Platforms.Build.0 = Debug|Any CPU
		{2F5F8C90-0BD1-424F-997C-7BC6280919D1}.Debug|x64.ActiveCfg = Debug|Any CPU
		{2F5F8C90-0BD1-424F-997C-7BC6280919D1}.Debug|x86.ActiveCfg = Debug|Any CPU
		{2F5F8C90-0BD1-424F-997C-7BC6280919D1}.DVD-5|Any CPU.ActiveCfg = Debug|Any CPU
		{2F5F8C90-0BD1-424F-997C-7BC6280919D1}.DVD-5|Any CPU.Build.0 = Debug|Any CPU
		{2F5F8C90-0BD1-424F-997C-7BC6280919D1}.DVD-5|Mixed Platforms.ActiveCfg = Debug|Any CPU
		{2F5F8C90-0BD1-424F-997C-7BC6280919D1}.DVD-5|Mixed Platforms.Build.0 = Debug|Any CPU
		{2F5F8C90-0BD1-424F-997C-7BC6280919D1}.DVD-5|x64.ActiveCfg = Debug|Any CPU
		{2F5F8C90-0BD1-424F-997C-7BC6280919D1}.DVD-5|x86.ActiveCfg = Debug|Any CPU
		{2F5F8C90-0BD1-424F-997C-7BC6280919D1}.Release|Any CPU.ActiveCfg = Release|Any CPU
		{2F5F8C90-0BD1-424F-997C-7BC6280919D1}.Release|Any CPU.Build.0 = Release|Any CPU
		{2F5F8C90-0BD1-424F-997C-7BC6280919D1}.Release|Mixed Platforms.ActiveCfg = Release|Any CPU
		{2F5F8C90-0BD1-424F-997C-7BC6280919D1}.Release|Mixed Platforms.Build.0 = Release|Any CPU
		{2F5F8C90-0BD1-424F-997C-7BC6280919D1}.Release|x64.ActiveCfg = Release|Any CPU
		{2F5F8C90-0BD1-424F-997C-7BC6280919D1}.Release|x86.ActiveCfg = Release|Any CPU
		{2F5F8C90-0BD1-424F-997C-7BC6280919D1}.SingleImage|Any CPU.ActiveCfg = Release|Any CPU
		{2F5F8C90-0BD1-424F-997C-7BC6280919D1}.SingleImage|Any CPU.Build.0 = Release|Any CPU
		{2F5F8C90-0BD1-424F-997C-7BC6280919D1}.SingleImage|Mixed Platforms.ActiveCfg = Release|Any CPU
		{2F5F8C90-0BD1-424F-997C-7BC6280919D1}.SingleImage|Mixed Platforms.Build.0 = Release|Any CPU
		{2F5F8C90-0BD1-424F-997C-7BC6280919D1}.SingleImage|x64.ActiveCfg = Release|Any CPU
		{2F5F8C90-0BD1-424F-997C-7BC6280919D1}.SingleImage|x86.ActiveCfg = Release|Any CPU
		{96124CFD-F436-4C43-9EC5-D79079A24E98}.CD_ROM|Any CPU.ActiveCfg = Release|x86
		{96124CFD-F436-4C43-9EC5-D79079A24E98}.CD_ROM|Mixed Platforms.ActiveCfg = Release|x86
		{96124CFD-F436-4C43-9EC5-D79079A24E98}.CD_ROM|Mixed Platforms.Build.0 = Release|x86
		{96124CFD-F436-4C43-9EC5-D79079A24E98}.CD_ROM|x64.ActiveCfg = Release|x86
		{96124CFD-F436-4C43-9EC5-D79079A24E98}.CD_ROM|x86.ActiveCfg = Release|x86
		{96124CFD-F436-4C43-9EC5-D79079A24E98}.CD_ROM|x86.Build.0 = Release|x86
		{96124CFD-F436-4C43-9EC5-D79079A24E98}.Debug|Any CPU.ActiveCfg = Debug|x86
		{96124CFD-F436-4C43-9EC5-D79079A24E98}.Debug|Mixed Platforms.ActiveCfg = Debug|x86
		{96124CFD-F436-4C43-9EC5-D79079A24E98}.Debug|Mixed Platforms.Build.0 = Debug|x86
		{96124CFD-F436-4C43-9EC5-D79079A24E98}.Debug|x64.ActiveCfg = Debug|x86
		{96124CFD-F436-4C43-9EC5-D79079A24E98}.Debug|x86.ActiveCfg = Debug|x86
		{96124CFD-F436-4C43-9EC5-D79079A24E98}.Debug|x86.Build.0 = Debug|x86
		{96124CFD-F436-4C43-9EC5-D79079A24E98}.DVD-5|Any CPU.ActiveCfg = Debug|x86
		{96124CFD-F436-4C43-9EC5-D79079A24E98}.DVD-5|Mixed Platforms.ActiveCfg = Debug|x86
		{96124CFD-F436-4C43-9EC5-D79079A24E98}.DVD-5|Mixed Platforms.Build.0 = Debug|x86
		{96124CFD-F436-4C43-9EC5-D79079A24E98}.DVD-5|x64.ActiveCfg = Debug|x86
		{96124CFD-F436-4C43-9EC5-D79079A24E98}.DVD-5|x86.ActiveCfg = Debug|x86
		{96124CFD-F436-4C43-9EC5-D79079A24E98}.DVD-5|x86.Build.0 = Debug|x86
		{96124CFD-F436-4C43-9EC5-D79079A24E98}.Release|Any CPU.ActiveCfg = Release|x86
		{96124CFD-F436-4C43-9EC5-D79079A24E98}.Release|Mixed Platforms.ActiveCfg = Release|x86
		{96124CFD-F436-4C43-9EC5-D79079A24E98}.Release|Mixed Platforms.Build.0 = Release|x86
		{96124CFD-F436-4C43-9EC5-D79079A24E98}.Release|x64.ActiveCfg = Release|x86
		{96124CFD-F436-4C43-9EC5-D79079A24E98}.Release|x86.ActiveCfg = Release|x86
		{96124CFD-F436-4C43-9EC5-D79079A24E98}.Release|x86.Build.0 = Release|x86
		{96124CFD-F436-4C43-9EC5-D79079A24E98}.SingleImage|Any CPU.ActiveCfg = Release|x86
		{96124CFD-F436-4C43-9EC5-D79079A24E98}.SingleImage|Mixed Platforms.ActiveCfg = Release|x86
		{96124CFD-F436-4C43-9EC5-D79079A24E98}.SingleImage|Mixed Platforms.Build.0 = Release|x86
		{96124CFD-F436-4C43-9EC5-D79079A24E98}.SingleImage|x64.ActiveCfg = Release|x86
		{96124CFD-F436-4C43-9EC5-D79079A24E98}.SingleImage|x86.ActiveCfg = Release|x86
		{96124CFD-F436-4C43-9EC5-D79079A24E98}.SingleImage|x86.Build.0 = Release|x86
		{18FA62EC-1D63-44E4-9577-A5292C9B13CD}.CD_ROM|Any CPU.ActiveCfg = Release|Any CPU
		{18FA62EC-1D63-44E4-9577-A5292C9B13CD}.CD_ROM|Any CPU.Build.0 = Release|Any CPU
		{18FA62EC-1D63-44E4-9577-A5292C9B13CD}.CD_ROM|Mixed Platforms.ActiveCfg = Release|Any CPU
		{18FA62EC-1D63-44E4-9577-A5292C9B13CD}.CD_ROM|Mixed Platforms.Build.0 = Release|Any CPU
		{18FA62EC-1D63-44E4-9577-A5292C9B13CD}.CD_ROM|x64.ActiveCfg = Release|x64
		{18FA62EC-1D63-44E4-9577-A5292C9B13CD}.CD_ROM|x64.Build.0 = Release|x64
		{18FA62EC-1D63-44E4-9577-A5292C9B13CD}.CD_ROM|x86.ActiveCfg = Release|Any CPU
		{18FA62EC-1D63-44E4-9577-A5292C9B13CD}.Debug|Any CPU.ActiveCfg = Debug|Any CPU
		{18FA62EC-1D63-44E4-9577-A5292C9B13CD}.Debug|Any CPU.Build.0 = Debug|Any CPU
		{18FA62EC-1D63-44E4-9577-A5292C9B13CD}.Debug|Mixed Platforms.ActiveCfg = Debug|Any CPU
		{18FA62EC-1D63-44E4-9577-A5292C9B13CD}.Debug|Mixed Platforms.Build.0 = Debug|Any CPU
		{18FA62EC-1D63-44E4-9577-A5292C9B13CD}.Debug|x64.ActiveCfg = Debug|x64
		{18FA62EC-1D63-44E4-9577-A5292C9B13CD}.Debug|x64.Build.0 = Debug|x64
		{18FA62EC-1D63-44E4-9577-A5292C9B13CD}.Debug|x86.ActiveCfg = Debug|Any CPU
		{18FA62EC-1D63-44E4-9577-A5292C9B13CD}.DVD-5|Any CPU.ActiveCfg = Debug|Any CPU
		{18FA62EC-1D63-44E4-9577-A5292C9B13CD}.DVD-5|Any CPU.Build.0 = Debug|Any CPU
		{18FA62EC-1D63-44E4-9577-A5292C9B13CD}.DVD-5|Mixed Platforms.ActiveCfg = Debug|Any CPU
		{18FA62EC-1D63-44E4-9577-A5292C9B13CD}.DVD-5|Mixed Platforms.Build.0 = Debug|Any CPU
		{18FA62EC-1D63-44E4-9577-A5292C9B13CD}.DVD-5|x64.ActiveCfg = Debug|x64
		{18FA62EC-1D63-44E4-9577-A5292C9B13CD}.DVD-5|x64.Build.0 = Debug|x64
		{18FA62EC-1D63-44E4-9577-A5292C9B13CD}.DVD-5|x86.ActiveCfg = Debug|Any CPU
		{18FA62EC-1D63-44E4-9577-A5292C9B13CD}.Release|Any CPU.ActiveCfg = Release|Any CPU
		{18FA62EC-1D63-44E4-9577-A5292C9B13CD}.Release|Any CPU.Build.0 = Release|Any CPU
		{18FA62EC-1D63-44E4-9577-A5292C9B13CD}.Release|Mixed Platforms.ActiveCfg = Release|Any CPU
		{18FA62EC-1D63-44E4-9577-A5292C9B13CD}.Release|Mixed Platforms.Build.0 = Release|Any CPU
		{18FA62EC-1D63-44E4-9577-A5292C9B13CD}.Release|x64.ActiveCfg = Release|x64
		{18FA62EC-1D63-44E4-9577-A5292C9B13CD}.Release|x64.Build.0 = Release|x64
		{18FA62EC-1D63-44E4-9577-A5292C9B13CD}.Release|x86.ActiveCfg = Release|Any CPU
		{18FA62EC-1D63-44E4-9577-A5292C9B13CD}.SingleImage|Any CPU.ActiveCfg = Release|Any CPU
		{18FA62EC-1D63-44E4-9577-A5292C9B13CD}.SingleImage|Any CPU.Build.0 = Release|Any CPU
		{18FA62EC-1D63-44E4-9577-A5292C9B13CD}.SingleImage|Mixed Platforms.ActiveCfg = Release|Any CPU
		{18FA62EC-1D63-44E4-9577-A5292C9B13CD}.SingleImage|Mixed Platforms.Build.0 = Release|Any CPU
		{18FA62EC-1D63-44E4-9577-A5292C9B13CD}.SingleImage|x64.ActiveCfg = Release|x64
		{18FA62EC-1D63-44E4-9577-A5292C9B13CD}.SingleImage|x64.Build.0 = Release|x64
		{18FA62EC-1D63-44E4-9577-A5292C9B13CD}.SingleImage|x86.ActiveCfg = Release|Any CPU
	EndGlobalSection
	GlobalSection(SolutionProperties) = preSolution
		HideSolutionNode = FALSE
	EndGlobalSection
EndGlobal
