Microsoft Visual Studio Solution File, Format Version 11.00
# Visual Studio 2010
Project("{FAE04EC0-301F-11D3-BF4B-00C04F79EFBC}") = "POP3Test", "POP3Test\POP3Test.csproj", "{BD8B4861-D0C9-470A-8AA4-3094C5A086B3}"
EndProject
Project("{FAE04EC0-301F-11D3-BF4B-00C04F79EFBC}") = "MailMonitor", "MailMonitor\MailMonitor.csproj", "{210D66B9-9A59-4B17-8270-854C1FA4FE1C}"
EndProject
Project("{FAE04EC0-301F-11D3-BF4B-00C04F79EFBC}") = "TNEFTest", "TNEFTest\TNEFTest.csproj", "{E513953D-B5F0-45FB-A7B8-74609A91639B}"
EndProject
Project("{FAE04EC0-301F-11D3-BF4B-00C04F79EFBC}") = "MIMEParser", "MIMEParser\MIMEParser.csproj", "{CC4C4334-335D-4369-B0ED-F3C17CD57364}"
EndProject
Project("{FAE04EC0-301F-11D3-BF4B-00C04F79EFBC}") = "OpenPOP", "OpenPOP\OpenPOP.csproj", "{75B3E0DF-61C3-4643-AB47-DBE1CFE3D303}"
EndProject
Project("{F184B08F-C81C-45F6-A57F-5ABD9991F28F}") = "CSVParser", "..\CSVParser\CSVParser.vbproj", "{EF690B6C-1FE1-4066-8727-3B46B5F8C600}"
EndProject
Project("{F184B08F-C81C-45F6-A57F-5ABD9991F28F}") = "EvoUtilities", "..\EvoUtilities\EvoUtilities.vbproj", "{A9EC19B1-0065-4001-9C05-603F94AC0420}"
EndProject
Global
	GlobalSection(SolutionConfigurationPlatforms) = preSolution
		Debug|Any CPU = Debug|Any CPU
		Debug|x64 = Debug|x64
		Debug|x86 = Debug|x86
		Release|Any CPU = Release|Any CPU
		Release|x64 = Release|x64
		Release|x86 = Release|x86
	EndGlobalSection
	GlobalSection(ProjectConfigurationPlatforms) = postSolution
		{BD8B4861-D0C9-470A-8AA4-3094C5A086B3}.Debug|Any CPU.ActiveCfg = Debug|Any CPU
		{BD8B4861-D0C9-470A-8AA4-3094C5A086B3}.Debug|Any CPU.Build.0 = Debug|Any CPU
		{BD8B4861-D0C9-470A-8AA4-3094C5A086B3}.Debug|x64.ActiveCfg = Debug|Any CPU
		{BD8B4861-D0C9-470A-8AA4-3094C5A086B3}.Debug|x86.ActiveCfg = Debug|Any CPU
		{BD8B4861-D0C9-470A-8AA4-3094C5A086B3}.Release|Any CPU.ActiveCfg = Release|Any CPU
		{BD8B4861-D0C9-470A-8AA4-3094C5A086B3}.Release|Any CPU.Build.0 = Release|Any CPU
		{BD8B4861-D0C9-470A-8AA4-3094C5A086B3}.Release|x64.ActiveCfg = Release|Any CPU
		{BD8B4861-D0C9-470A-8AA4-3094C5A086B3}.Release|x86.ActiveCfg = Release|Any CPU
		{210D66B9-9A59-4B17-8270-854C1FA4FE1C}.Debug|Any CPU.ActiveCfg = Debug|Any CPU
		{210D66B9-9A59-4B17-8270-854C1FA4FE1C}.Debug|Any CPU.Build.0 = Debug|Any CPU
		{210D66B9-9A59-4B17-8270-854C1FA4FE1C}.Debug|x64.ActiveCfg = Debug|Any CPU
		{210D66B9-9A59-4B17-8270-854C1FA4FE1C}.Debug|x86.ActiveCfg = Debug|Any CPU
		{210D66B9-9A59-4B17-8270-854C1FA4FE1C}.Release|Any CPU.ActiveCfg = Release|Any CPU
		{210D66B9-9A59-4B17-8270-854C1FA4FE1C}.Release|Any CPU.Build.0 = Release|Any CPU
		{210D66B9-9A59-4B17-8270-854C1FA4FE1C}.Release|x64.ActiveCfg = Release|Any CPU
		{210D66B9-9A59-4B17-8270-854C1FA4FE1C}.Release|x86.ActiveCfg = Release|Any CPU
		{E513953D-B5F0-45FB-A7B8-74609A91639B}.Debug|Any CPU.ActiveCfg = Debug|Any CPU
		{E513953D-B5F0-45FB-A7B8-74609A91639B}.Debug|Any CPU.Build.0 = Debug|Any CPU
		{E513953D-B5F0-45FB-A7B8-74609A91639B}.Debug|x64.ActiveCfg = Debug|Any CPU
		{E513953D-B5F0-45FB-A7B8-74609A91639B}.Debug|x86.ActiveCfg = Debug|Any CPU
		{E513953D-B5F0-45FB-A7B8-74609A91639B}.Release|Any CPU.ActiveCfg = Release|Any CPU
		{E513953D-B5F0-45FB-A7B8-74609A91639B}.Release|Any CPU.Build.0 = Release|Any CPU
		{E513953D-B5F0-45FB-A7B8-74609A91639B}.Release|x64.ActiveCfg = Release|Any CPU
		{E513953D-B5F0-45FB-A7B8-74609A91639B}.Release|x86.ActiveCfg = Release|Any CPU
		{CC4C4334-335D-4369-B0ED-F3C17CD57364}.Debug|Any CPU.ActiveCfg = Debug|Any CPU
		{CC4C4334-335D-4369-B0ED-F3C17CD57364}.Debug|Any CPU.Build.0 = Debug|Any CPU
		{CC4C4334-335D-4369-B0ED-F3C17CD57364}.Debug|x64.ActiveCfg = Debug|Any CPU
		{CC4C4334-335D-4369-B0ED-F3C17CD57364}.Debug|x86.ActiveCfg = Debug|Any CPU
		{CC4C4334-335D-4369-B0ED-F3C17CD57364}.Release|Any CPU.ActiveCfg = Release|Any CPU
		{CC4C4334-335D-4369-B0ED-F3C17CD57364}.Release|Any CPU.Build.0 = Release|Any CPU
		{CC4C4334-335D-4369-B0ED-F3C17CD57364}.Release|x64.ActiveCfg = Release|Any CPU
		{CC4C4334-335D-4369-B0ED-F3C17CD57364}.Release|x86.ActiveCfg = Release|Any CPU
		{75B3E0DF-61C3-4643-AB47-DBE1CFE3D303}.Debug|Any CPU.ActiveCfg = Debug|Any CPU
		{75B3E0DF-61C3-4643-AB47-DBE1CFE3D303}.Debug|Any CPU.Build.0 = Debug|Any CPU
		{75B3E0DF-61C3-4643-AB47-DBE1CFE3D303}.Debug|x64.ActiveCfg = Debug|Any CPU
		{75B3E0DF-61C3-4643-AB47-DBE1CFE3D303}.Debug|x86.ActiveCfg = Debug|Any CPU
		{75B3E0DF-61C3-4643-AB47-DBE1CFE3D303}.Release|Any CPU.ActiveCfg = Release|Any CPU
		{75B3E0DF-61C3-4643-AB47-DBE1CFE3D303}.Release|Any CPU.Build.0 = Release|Any CPU
		{75B3E0DF-61C3-4643-AB47-DBE1CFE3D303}.Release|x64.ActiveCfg = Release|Any CPU
		{75B3E0DF-61C3-4643-AB47-DBE1CFE3D303}.Release|x86.ActiveCfg = Release|Any CPU
		{EF690B6C-1FE1-4066-8727-3B46B5F8C600}.Debug|Any CPU.ActiveCfg = Debug|Any CPU
		{EF690B6C-1FE1-4066-8727-3B46B5F8C600}.Debug|Any CPU.Build.0 = Debug|Any CPU
		{EF690B6C-1FE1-4066-8727-3B46B5F8C600}.Debug|x64.ActiveCfg = Debug|x64
		{EF690B6C-1FE1-4066-8727-3B46B5F8C600}.Debug|x64.Build.0 = Debug|x64
		{EF690B6C-1FE1-4066-8727-3B46B5F8C600}.Debug|x86.ActiveCfg = Debug|x64
		{EF690B6C-1FE1-4066-8727-3B46B5F8C600}.Release|Any CPU.ActiveCfg = Release|Any CPU
		{EF690B6C-1FE1-4066-8727-3B46B5F8C600}.Release|Any CPU.Build.0 = Release|Any CPU
		{EF690B6C-1FE1-4066-8727-3B46B5F8C600}.Release|x64.ActiveCfg = Release|x64
		{EF690B6C-1FE1-4066-8727-3B46B5F8C600}.Release|x64.Build.0 = Release|x64
		{EF690B6C-1FE1-4066-8727-3B46B5F8C600}.Release|x86.ActiveCfg = Release|x64
		{A9EC19B1-0065-4001-9C05-603F94AC0420}.Debug|Any CPU.ActiveCfg = Debug|Any CPU
		{A9EC19B1-0065-4001-9C05-603F94AC0420}.Debug|Any CPU.Build.0 = Debug|Any CPU
		{A9EC19B1-0065-4001-9C05-603F94AC0420}.Debug|x64.ActiveCfg = Debug|x64
		{A9EC19B1-0065-4001-9C05-603F94AC0420}.Debug|x64.Build.0 = Debug|x64
		{A9EC19B1-0065-4001-9C05-603F94AC0420}.Debug|x86.ActiveCfg = Debug|x86
		{A9EC19B1-0065-4001-9C05-603F94AC0420}.Debug|x86.Build.0 = Debug|x86
		{A9EC19B1-0065-4001-9C05-603F94AC0420}.Release|Any CPU.ActiveCfg = Release|Any CPU
		{A9EC19B1-0065-4001-9C05-603F94AC0420}.Release|Any CPU.Build.0 = Release|Any CPU
		{A9EC19B1-0065-4001-9C05-603F94AC0420}.Release|x64.ActiveCfg = Release|x64
		{A9EC19B1-0065-4001-9C05-603F94AC0420}.Release|x64.Build.0 = Release|x64
		{A9EC19B1-0065-4001-9C05-603F94AC0420}.Release|x86.ActiveCfg = Release|x86
		{A9EC19B1-0065-4001-9C05-603F94AC0420}.Release|x86.Build.0 = Release|x86
	EndGlobalSection
	GlobalSection(SolutionProperties) = preSolution
		HideSolutionNode = FALSE
	EndGlobalSection
EndGlobal
