
Microsoft Visual Studio Solution File, Format Version 12.00
# Visual Studio 2013
VisualStudioVersion = 12.0.30723.0
MinimumVisualStudioVersion = 10.0.40219.1
Project("{F184B08F-C81C-45F6-A57F-5ABD9991F28F}") = "Cubit.EF", "Cubit.EF.vbproj", "{2273745A-5290-4B9E-832D-6657973BB500}"
EndProject
Global
	GlobalSection(TeamFoundationVersionControl) = preSolution
		SccNumberOfProjects = 2
		SccEnterpriseProvider = {4CA58AB2-18FA-4F8D-95D4-32DDF27D184C}
		SccTeamFoundationServer = https://nysgroup.visualstudio.com/defaultcollection
		SccLocalPath0 = .
		SccProjectUniqueName1 = Cubit.EF.vbproj
		SccLocalPath1 = .
	EndGlobalSection
	GlobalSection(SolutionConfigurationPlatforms) = preSolution
		Debug|Any CPU = Debug|Any CPU
		Release|Any CPU = Release|Any CPU
	EndGlobalSection
	GlobalSection(ProjectConfigurationPlatforms) = postSolution
		{2273745A-5290-4B9E-832D-6657973BB500}.Debug|Any CPU.ActiveCfg = Debug|Any CPU
		{2273745A-5290-4B9E-832D-6657973BB500}.Debug|Any CPU.Build.0 = Debug|Any CPU
		{2273745A-5290-4B9E-832D-6657973BB500}.Release|Any CPU.ActiveCfg = Release|Any CPU
		{2273745A-5290-4B9E-832D-6657973BB500}.Release|Any CPU.Build.0 = Release|Any CPU
	EndGlobalSection
	GlobalSection(SolutionProperties) = preSolution
		HideSolutionNode = FALSE
	EndGlobalSection
EndGlobal
